// !$*UTF8*$!
{
	archiveVersion = 1;
	classes = {
	};
	objectVersion = 46;
	objects = {

/* Begin PBXBuildFile section */
		BDB3778D1E834FEB0043B413 /* AppDelegate.swift in Sources */ = {isa = PBXBuildFile; fileRef = BDB3778C1E834FEB0043B413 /* AppDelegate.swift */; };
		BDB3778F1E834FEB0043B413 /* ViewController.swift in Sources */ = {isa = PBXBuildFile; fileRef = BDB3778E1E834FEB0043B413 /* ViewController.swift */; };
		BDB377921E834FEB0043B413 /* Main.storyboard in Resources */ = {isa = PBXBuildFile; fileRef = BDB377901E834FEB0043B413 /* Main.storyboard */; };
		BDB377941E834FEB0043B413 /* Assets.xcassets in Resources */ = {isa = PBXBuildFile; fileRef = BDB377931E834FEB0043B413 /* Assets.xcassets */; };
		BDB377971E834FEB0043B413 /* LaunchScreen.storyboard in Resources */ = {isa = PBXBuildFile; fileRef = BDB377951E834FEB0043B413 /* LaunchScreen.storyboard */; };
/* End PBXBuildFile section */

/* Begin PBXFileReference section */
		BDB377891E834FEB0043B413 /* Mac Workout.app */ = {isa = PBXFileReference; explicitFileType = wrapper.application; includeInIndex = 0; path = "Mac Workout.app"; sourceTree = BUILT_PRODUCTS_DIR; };
		BDB3778C1E834FEB0043B413 /* AppDelegate.swift */ = {isa = PBXFileReference; lastKnownFileType = sourcecode.swift; path = AppDelegate.swift; sourceTree = "<group>"; };
		BDB3778E1E834FEB0043B413 /* ViewController.swift */ = {isa = PBXFileReference; lastKnownFileType = sourcecode.swift; path = ViewController.swift; sourceTree = "<group>"; };
		BDB377911E834FEB0043B413 /* Base */ = {isa = PBXFileReference; lastKnownFileType = file.storyboard; name = Base; path = Base.lproj/Main.storyboard; sourceTree = "<group>"; };
		BDB377931E834FEB0043B413 /* Assets.xcassets */ = {isa = PBXFileReference; lastKnownFileType = folder.assetcatalog; path = Assets.xcassets; sourceTree = "<group>"; };
		BDB377961E834FEB0043B413 /* Base */ = {isa = PBXFileReference; lastKnownFileType = file.storyboard; name = Base; path = Base.lproj/LaunchScreen.storyboard; sourceTree = "<group>"; };
		BDB377981E834FEB0043B413 /* Info.plist */ = {isa = PBXFileReference; lastKnownFileType = text.plist.xml; path = Info.plist; sourceTree = "<group>"; };
/* End PBXFileReference section */

/* Begin PBXFrameworksBuildPhase section */
		BDB377861E834FEB0043B413 /* Frameworks */ = {
			isa = PBXFrameworksBuildPhase;
			buildActionMask = 2147483647;
			files = (
			);
			runOnlyForDeploymentPostprocessing = 0;
		};
/* End PBXFrameworksBuildPhase section */

/* Begin PBXGroup section */
		BDB377801E834FEB0043B413 = {
			isa = PBXGroup;
			children = (
				BDB3778B1E834FEB0043B413 /* Mac Workout */,
				BDB3778A1E834FEB0043B413 /* Products */,
			);
			sourceTree = "<group>";
		};
		BDB3778A1E834FEB0043B413 /* Products */ = {
			isa = PBXGroup;
			children = (
				BDB377891E834FEB0043B413 /* Mac Workout.app */,
			);
			name = Products;
			sourceTree = "<group>";
		};
		BDB3778B1E834FEB0043B413 /* Mac Workout */ = {
			isa = PBXGroup;
			children = (
				BDB3778C1E834FEB0043B413 /* AppDelegate.swift */,
				BDB3778E1E834FEB0043B413 /* ViewController.swift */,
				BDB377901E834FEB0043B413 /* Main.storyboard */,
				BDB377931E834FEB0043B413 /* Assets.xcassets */,
				BDB377951E834FEB0043B413 /* LaunchScreen.storyboard */,
				BDB377981E834FEB0043B413 /* Info.plist */,
			);
			path = "Mac Workout";
			sourceTree = "<group>";
		};
/* End PBXGroup section */

/* Begin PBXNativeTarget section */
		BDB377881E834FEB0043B413 /* Mac Workout */ = {
			isa = PBXNativeTarget;
			buildConfigurationList = BDB3779B1E834FEB0043B413 /* Build configuration list for PBXNativeTarget "Mac Workout" */;
			buildPhases = (
				BDB377851E834FEB0043B413 /* Sources */,
				BDB377861E834FEB0043B413 /* Frameworks */,
				BDB377871E834FEB0043B413 /* Resources */,
			);
			buildRules = (
			);
			dependencies = (
			);
			name = "Mac Workout";
			productName = "Mac Workout";
			productReference = BDB377891E834FEB0043B413 /* Mac Workout.app */;
			productType = "com.apple.product-type.application";
		};
/* End PBXNativeTarget section */

/* Begin PBXProject section */
		BDB377811E834FEB0043B413 /* Project object */ = {
			isa = PBXProject;
			attributes = {
				LastSwiftUpdateCheck = 0820;
				LastUpgradeCheck = 0820;
				ORGANIZATIONNAME = "Seamus MacIsaac";
				TargetAttributes = {
					BDB377881E834FEB0043B413 = {
						CreatedOnToolsVersion = 8.2.1;
						ProvisioningStyle = Automatic;
					};
				};
			};
			buildConfigurationList = BDB377841E834FEB0043B413 /* Build configuration list for PBXProject "Mac Workout" */;
			compatibilityVersion = "Xcode 3.2";
			developmentRegion = English;
			hasScannedForEncodings = 0;
			knownRegions = (
				en,
				Base,
			);
			mainGroup = BDB377801E834FEB0043B413;
			productRefGroup = BDB3778A1E834FEB0043B413 /* Products */;
			projectDirPath = "";
			projectRoot = "";
			targets = (
				BDB377881E834FEB0043B413 /* Mac Workout */,
			);
		};
/* End PBXProject section */

/* Begin PBXResourcesBuildPhase section */
		BDB377871E834FEB0043B413 /* Resources */ = {
			isa = PBXResourcesBuildPhase;
			buildActionMask = 2147483647;
			files = (
				BDB377971E834FEB0043B413 /* LaunchScreen.storyboard in Resources */,
				BDB377941E834FEB0043B413 /* Assets.xcassets in Resources */,
				BDB377921E834FEB0043B413 /* Main.storyboard in Resources */,
			);
			runOnlyForDeploymentPostprocessing = 0;
		};
/* End PBXResourcesBuildPhase section */

/* Begin PBXSourcesBuildPhase section */
		BDB377851E834FEB0043B413 /* Sources */ = {
			isa = PBXSourcesBuildPhase;
			buildActionMask = 2147483647;
			files = (
				BDB3778F1E834FEB0043B413 /* ViewController.swift in Sources */,
				BDB3778D1E834FEB0043B413 /* AppDelegate.swift in Sources */,
			);
			runOnlyForDeploymentPostprocessing = 0;
		};
/* End PBXSourcesBuildPhase section */

/* Begin PBXVariantGroup section */
		BDB377901E834FEB0043B413 /* Main.storyboard */ = {
			isa = PBXVariantGroup;
			children = (
				BDB377911E834FEB0043B413 /* Base */,
			);
			name = Main.storyboard;
			sourceTree = "<group>";
		};
		BDB377951E834FEB0043B413 /* LaunchScreen.storyboard */ = {
			isa = PBXVariantGroup;
			children = (
				BDB377961E834FEB0043B413 /* Base */,
			);
			name = LaunchScreen.storyboard;
			sourceTree = "<group>";
		};
/* End PBXVariantGroup section */

/* Begin XCBuildConfiguration section */
		BDB377991E834FEB0043B413 /* Debug */ = {
			isa = XCBuildConfiguration;
			buildSettings = {
				ALWAYS_SEARCH_USER_PATHS = NO;
				CLANG_ANALYZER_NONNULL = YES;
				CLANG_CXX_LANGUAGE_STANDARD = "gnu++0x";
				CLANG_CXX_LIBRARY = "libc++";
				CLANG_ENABLE_MODULES = YES;
				CLANG_ENABLE_OBJC_ARC = YES;
				CLANG_WARN_BOOL_CONVERSION = YES;
				CLANG_WARN_CONSTANT_CONVERSION = YES;
				CLANG_WARN_DIRECT_OBJC_ISA_USAGE = YES_ERROR;
				CLANG_WARN_DOCUMENTATION_COMMENTS = YES;
				CLANG_WARN_EMPTY_BODY = YES;
				CLANG_WARN_ENUM_CONVERSION = YES;
				CLANG_WARN_INFINITE_RECURSION = YES;
				CLANG_WARN_INT_CONVERSION = YES;
				CLANG_WARN_OBJC_ROOT_CLASS = YES_ERROR;
				CLANG_WARN_SUSPICIOUS_MOVE = YES;
				CLANG_WARN_UNREACHABLE_CODE = YES;
				CLANG_WARN__DUPLICATE_METHOD_MATCH = YES;
				"CODE_SIGN_IDENTITY[sdk=iphoneos*]" = "iPhone Developer";
				COPY_PHASE_STRIP = NO;
				DEBUG_INFORMATION_FORMAT = dwarf;
				ENABLE_STRICT_OBJC_MSGSEND = YES;
				ENABLE_TESTABILITY = YES;
				GCC_C_LANGUAGE_STANDARD = gnu99;
				GCC_DYNAMIC_NO_PIC = NO;
				GCC_NO_COMMON_BLOCKS = YES;
				GCC_OPTIMIZATION_LEVEL = 0;
				GCC_PREPROCESSOR_DEFINITIONS = (
					"DEBUG=1",
					"$(inherited)",
				);
				GCC_WARN_64_TO_32_BIT_CONVERSION = YES;
				GCC_WARN_ABOUT_RETURN_TYPE = YES_ERROR;
				GCC_WARN_UNDECLARED_SELECTOR = YES;
				GCC_WARN_UNINITIALIZED_AUTOS = YES_AGGRESSIVE;
				GCC_WARN_UNUSED_FUNCTION = YES;
				GCC_WARN_UNUSED_VARIABLE = YES;
				IPHONEOS_DEPLOYMENT_TARGET = 10.2;
				MTL_ENABLE_DEBUG_INFO = YES;
				ONLY_ACTIVE_ARCH = YES;
				SDKROOT = iphoneos;
				SWIFT_ACTIVE_COMPILATION_CONDITIONS = DEBUG;
				SWIFT_OPTIMIZATION_LEVEL = "-Onone";
				TARGETED_DEVICE_FAMILY = "1,2";
			};
			name = Debug;
		};
		BDB3779A1E834FEB0043B413 /* Release */ = {
			isa = XCBuildConfiguration;
			buildSettings = {
				ALWAYS_SEARCH_USER_PATHS = NO;
				CLANG_ANALYZER_NONNULL = YES;
				CLANG_CXX_LANGUAGE_STANDARD = "gnu++0x";
				CLANG_CXX_LIBRARY = "libc++";
				CLANG_ENABLE_MODULES = YES;
				CLANG_ENABLE_OBJC_ARC = YES;
				CLANG_WARN_BOOL_CONVERSION = YES;
				CLANG_WARN_CONSTANT_CONVERSION = YES;
				CLANG_WARN_DIRECT_OBJC_ISA_USAGE = YES_ERROR;
				CLANG_WARN_DOCUMENTATION_COMMENTS = YES;
				CLANG_WARN_EMPTY_BODY = YES;
				CLANG_WARN_ENUM_CONVERSION = YES;
				CLANG_WARN_INFINITE_RECURSION = YES;
				CLANG_WARN_INT_CONVERSION = YES;
				CLANG_WARN_OBJC_ROOT_CLASS = YES_ERROR;
				CLANG_WARN_SUSPICIOUS_MOVE = YES;
				CLANG_WARN_UNREACHABLE_CODE = YES;
				CLANG_WARN__DUPLICATE_METHOD_MATCH = YES;
				"CODE_SIGN_IDENTITY[sdk=iphoneos*]" = "iPhone Developer";
				COPY_PHASE_STRIP = NO;
				DEBUG_INFORMATION_FORMAT = "dwarf-with-dsym";
				ENABLE_NS_ASSERTIONS = NO;
				ENABLE_STRICT_OBJC_MSGSEND = YES;
				GCC_C_LANGUAGE_STANDARD = gnu99;
				GCC_NO_COMMON_BLOCKS = YES;
				GCC_WARN_64_TO_32_BIT_CONVERSION = YES;
				GCC_WARN_ABOUT_RETURN_TYPE = YES_ERROR;
				GCC_WARN_UNDECLARED_SELECTOR = YES;
				GCC_WARN_UNINITIALIZED_AUTOS = YES_AGGRESSIVE;
				GCC_WARN_UNUSED_FUNCTION = YES;
				GCC_WARN_UNUSED_VARIABLE = YES;
				IPHONEOS_DEPLOYMENT_TARGET = 10.2;
				MTL_ENABLE_DEBUG_INFO = NO;
				SDKROOT = iphoneos;
				SWIFT_OPTIMIZATION_LEVEL = "-Owholemodule";
				TARGETED_DEVICE_FAMILY = "1,2";
				VALIDATE_PRODUCT = YES;
			};
			name = Release;
		};
		BDB3779C1E834FEB0043B413 /* Debug */ = {
			isa = XCBuildConfiguration;
			buildSettings = {
				ASSETCATALOG_COMPILER_APPICON_NAME = AppIcon;
				INFOPLIST_FILE = "Mac Workout/Info.plist";
				LD_RUNPATH_SEARCH_PATHS = "$(inherited) @executable_path/Frameworks";
				PRODUCT_BUNDLE_IDENTIFIER = "Dixon-Software.Mac-Workout";
				PRODUCT_NAME = "$(TARGET_NAME)";
				SWIFT_VERSION = 3.0;
			};
			name = Debug;
		};
		BDB3779D1E834FEB0043B413 /* Release */ = {
			isa = XCBuildConfiguration;
			buildSettings = {
				ASSETCATALOG_COMPILER_APPICON_NAME = AppIcon;
				INFOPLIST_FILE = "Mac Workout/Info.plist";
				LD_RUNPATH_SEARCH_PATHS = "$(inherited) @executable_path/Frameworks";
				PRODUCT_BUNDLE_IDENTIFIER = "Dixon-Software.Mac-Workout";
				PRODUCT_NAME = "$(TARGET_NAME)";
				SWIFT_VERSION = 3.0;
			};
			name = Release;
		};
/* End XCBuildConfiguration section */

/* Begin XCConfigurationList section */
		BDB377841E834FEB0043B413 /* Build configuration list for PBXProject "Mac Workout" */ = {
			isa = XCConfigurationList;
			buildConfigurations = (
				BDB377991E834FEB0043B413 /* Debug */,
				BDB3779A1E834FEB0043B413 /* Release */,
			);
			defaultConfigurationIsVisible = 0;
			defaultConfigurationName = Release;
		};
		BDB3779B1E834FEB0043B413 /* Build configuration list for PBXNativeTarget "Mac Workout" */ = {
			isa = XCConfigurationList;
			buildConfigurations = (
				BDB3779C1E834FEB0043B413 /* Debug */,
				BDB3779D1E834FEB0043B413 /* Release */,
			);
			defaultConfigurationIsVisible = 0;
		};
/* End XCConfigurationList section */
	};
	rootObject = BDB377811E834FEB0043B413 /* Project object */;
}
